# @generated - this file is auto-generated by `mise lock` https://mise.en.dev/dev-tools/mise-lock.html

[[tools.age]]
version = "1.3.1"
backend = "aqua:FiloSottile/age"

[tools.age."platforms.linux-arm64"]
checksum = "sha256:c6878a324421b69e3e20b00ba17c04bc5c6dab0030cfe55bf8f68fa8d9e9093a"
url = "https://github.com/FiloSottile/age/releases/download/v1.3.1/age-v1.3.1-linux-arm64.tar.gz"
provenance = "github-attestations"

[tools.age."platforms.linux-arm64-musl"]
checksum = "sha256:c6878a324421b69e3e20b00ba17c04bc5c6dab0030cfe55bf8f68fa8d9e9093a"
url = "https://github.com/FiloSottile/age/releases/download/v1.3.1/age-v1.3.1-linux-arm64.tar.gz"
provenance = "github-attestations"

[tools.age."platforms.linux-x64"]
checksum = "sha256:bdc69c09cbdd6cf8b1f333d372a1f58247b3a33146406333e30c0f26e8f51377"
url = "https://github.com/FiloSottile/age/releases/download/v1.3.1/age-v1.3.1-linux-amd64.tar.gz"
provenance = "github-attestations"

[tools.age."platforms.linux-x64-musl"]
checksum = "sha256:bdc69c09cbdd6cf8b1f333d372a1f58247b3a33146406333e30c0f26e8f51377"
url = "https://github.com/FiloSottile/age/releases/download/v1.3.1/age-v1.3.1-linux-amd64.tar.gz"
provenance = "github-attestations"

[tools.age."platforms.macos-arm64"]
checksum = "sha256:01120ea2cbf0463d4c6bd767f99f3271bbed1cdc8a9aa718a76ba1fe4f01998b"
url = "https://github.com/FiloSottile/age/releases/download/v1.3.1/age-v1.3.1-darwin-arm64.tar.gz"
provenance = "github-attestations"

[tools.age."platforms.macos-x64"]
checksum = "sha256:2b233301ad21ab7b1eabd9ae1198a164005fa4928fcdd745d47c39f8593209d7"
url = "https://github.com/FiloSottile/age/releases/download/v1.3.1/age-v1.3.1-darwin-amd64.tar.gz"
url_api = "https://api.github.com/repos/FiloSottile/age/releases/assets/343881260"
provenance = "github-attestations"

[tools.age."platforms.windows-x64"]
checksum = "sha256:c56e8ce22f7e80cb85ad946cc82d198767b056366201d3e1a2b93d865be38154"
url = "https://github.com/FiloSottile/age/releases/download/v1.3.1/age-v1.3.1-windows-amd64.zip"
provenance = "github-attestations"

[[tools.atuin]]
version = "18.18.0"
backend = "aqua:atuinsh/atuin"

[tools.atuin."platforms.linux-arm64"]
checksum = "sha256:9e1fa0846b6e6f71afdde7c8ec0dfe439bc0d59fe3a42bee9c616e8f1a3feec2"
url = "https://github.com/atuinsh/atuin/releases/download/v18.18.0/atuin-aarch64-unknown-linux-musl.tar.gz"
url_api = "https://api.github.com/repos/atuinsh/atuin/releases/assets/491804779"
provenance = "github-attestations"

[tools.atuin."platforms.linux-arm64-musl"]
checksum = "sha256:9e1fa0846b6e6f71afdde7c8ec0dfe439bc0d59fe3a42bee9c616e8f1a3feec2"
url = "https://github.com/atuinsh/atuin/releases/download/v18.18.0/atuin-aarch64-unknown-linux-musl.tar.gz"
url_api = "https://api.github.com/repos/atuinsh/atuin/releases/assets/491804779"
provenance = "github-attestations"

[tools.atuin."platforms.linux-x64"]
checksum = "sha256:7064479abea72b51451375c21de4690ed285b410f2054b5651c9f63056dc4f36"
url = "https://github.com/atuinsh/atuin/releases/download/v18.18.0/atuin-x86_64-unknown-linux-musl.tar.gz"
url_api = "https://api.github.com/repos/atuinsh/atuin/releases/assets/491804879"
provenance = "github-attestations"

[tools.atuin."platforms.linux-x64-musl"]
checksum = "sha256:7064479abea72b51451375c21de4690ed285b410f2054b5651c9f63056dc4f36"
url = "https://github.com/atuinsh/atuin/releases/download/v18.18.0/atuin-x86_64-unknown-linux-musl.tar.gz"
url_api = "https://api.github.com/repos/atuinsh/atuin/releases/assets/491804879"
provenance = "github-attestations"

[tools.atuin."platforms.macos-arm64"]
checksum = "sha256:e1710ac6128dc668d5ae1ce9c616af2e149ef796e1bceeb152c1737238aab15c"
url = "https://github.com/atuinsh/atuin/releases/download/v18.18.0/atuin-aarch64-apple-darwin.tar.gz"
url_api = "https://api.github.com/repos/atuinsh/atuin/releases/assets/491804752"
provenance = "github-attestations"

[tools.atuin."platforms.windows-x64"]
checksum = "sha256:f9ed12f4b310b5feba58fb02fa2713dc3f4fe8305ec4a08720df473345d27bd6"
url = "https://github.com/atuinsh/atuin/releases/download/v18.18.0/atuin-x86_64-pc-windows-msvc.zip"
url_api = "https://api.github.com/repos/atuinsh/atuin/releases/assets/491804855"
provenance = "github-attestations"

[[tools.cargo-binstall]]
version = "1.21.1"
backend = "aqua:cargo-bins/cargo-binstall"

[tools.cargo-binstall."platforms.linux-arm64"]
checksum = "sha256:1dc2979f3c83aade9a1b4344589d14fafa63459b759222528d11419f5cca9cc2"
url = "https://github.com/cargo-bins/cargo-binstall/releases/download/v1.21.1/cargo-binstall-aarch64-unknown-linux-musl.tgz"
url_api = "https://api.github.com/repos/cargo-bins/cargo-binstall/releases/assets/489425352"
provenance = "github-attestations"

[tools.cargo-binstall."platforms.linux-arm64-musl"]
checksum = "sha256:1dc2979f3c83aade9a1b4344589d14fafa63459b759222528d11419f5cca9cc2"
url = "https://github.com/cargo-bins/cargo-binstall/releases/download/v1.21.1/cargo-binstall-aarch64-unknown-linux-musl.tgz"
url_api = "https://api.github.com/repos/cargo-bins/cargo-binstall/releases/assets/489425352"
provenance = "github-attestations"

[tools.cargo-binstall."platforms.linux-x64"]
checksum = "sha256:630c8f8803a686aa6779497f0f0fb51d49822fb5fc3c514d8ced33b34e338e6e"
url = "https://github.com/cargo-bins/cargo-binstall/releases/download/v1.21.1/cargo-binstall-x86_64-unknown-linux-musl.tgz"
url_api = "https://api.github.com/repos/cargo-bins/cargo-binstall/releases/assets/489425174"
provenance = "github-attestations"

[tools.cargo-binstall."platforms.linux-x64-musl"]
checksum = "sha256:630c8f8803a686aa6779497f0f0fb51d49822fb5fc3c514d8ced33b34e338e6e"
url = "https://github.com/cargo-bins/cargo-binstall/releases/download/v1.21.1/cargo-binstall-x86_64-unknown-linux-musl.tgz"
url_api = "https://api.github.com/repos/cargo-bins/cargo-binstall/releases/assets/489425174"
provenance = "github-attestations"

[tools.cargo-binstall."platforms.macos-arm64"]
checksum = "sha256:bd03935f1a6d652647f6d42a2cd39396a55094ffddc65bed0debebfe32feea43"
url = "https://github.com/cargo-bins/cargo-binstall/releases/download/v1.21.1/cargo-binstall-aarch64-apple-darwin.zip"
url_api = "https://api.github.com/repos/cargo-bins/cargo-binstall/releases/assets/489425460"
provenance = "github-attestations"

[tools.cargo-binstall."platforms.macos-x64"]
checksum = "sha256:73894951a5c5343476e703b9f2ccea9e829396147ee33bded6a5e94c09298d81"
url = "https://github.com/cargo-bins/cargo-binstall/releases/download/v1.21.1/cargo-binstall-x86_64-apple-darwin.zip"
url_api = "https://api.github.com/repos/cargo-bins/cargo-binstall/releases/assets/489425224"
provenance = "github-attestations"

[tools.cargo-binstall."platforms.windows-x64"]
checksum = "sha256:27aee4e73cd8b1d479730cb9cdbd89b1114453a135689d4ee1a7e7f913f0ffe1"
url = "https://github.com/cargo-bins/cargo-binstall/releases/download/v1.21.1/cargo-binstall-x86_64-pc-windows-msvc.zip"
url_api = "https://api.github.com/repos/cargo-bins/cargo-binstall/releases/assets/489425215"
provenance = "github-attestations"

[[tools."cargo:b3sum"]]
version = "1.8.5"
backend = "cargo:b3sum"

[[tools.cosign]]
version = "3.1.2"
backend = "aqua:sigstore/cosign"

[tools.cosign."platforms.linux-arm64"]
checksum = "sha256:90e7ae0b5dfd60f20816b52c012addf7fc055ebcc7bea4ce81c428ca8518c302"
url = "https://github.com/sigstore/cosign/releases/download/v3.1.2/cosign-linux-arm64"
url_api = "https://api.github.com/repos/sigstore/cosign/releases/assets/480496294"
provenance = "cosign"

[tools.cosign."platforms.linux-arm64-musl"]
checksum = "sha256:90e7ae0b5dfd60f20816b52c012addf7fc055ebcc7bea4ce81c428ca8518c302"
url = "https://github.com/sigstore/cosign/releases/download/v3.1.2/cosign-linux-arm64"
url_api = "https://api.github.com/repos/sigstore/cosign/releases/assets/480496294"
provenance = "cosign"

[tools.cosign."platforms.linux-x64"]
checksum = "sha256:f7622ed3cf22e55e1ae6377c080979ff77a22da9981c11df222a2e444991e7cf"
url = "https://github.com/sigstore/cosign/releases/download/v3.1.2/cosign-linux-amd64"
url_api = "https://api.github.com/repos/sigstore/cosign/releases/assets/480496709"
provenance = "cosign"

[tools.cosign."platforms.linux-x64-musl"]
checksum = "sha256:f7622ed3cf22e55e1ae6377c080979ff77a22da9981c11df222a2e444991e7cf"
url = "https://github.com/sigstore/cosign/releases/download/v3.1.2/cosign-linux-amd64"
url_api = "https://api.github.com/repos/sigstore/cosign/releases/assets/480496709"
provenance = "cosign"

[tools.cosign."platforms.macos-arm64"]
checksum = "sha256:dec1c3f802320b19c2fbcf2dc7bcfb3f258e1c181a046c23a1a074bdf932f10a"
url = "https://github.com/sigstore/cosign/releases/download/v3.1.2/cosign-darwin-arm64"
url_api = "https://api.github.com/repos/sigstore/cosign/releases/assets/480497116"
provenance = "cosign"

[tools.cosign."platforms.macos-x64"]
checksum = "sha256:acd180f8b015be25240ca33abee8a1e564eb65cdf1a3cee4725456d2dceb7da6"
url = "https://github.com/sigstore/cosign/releases/download/v3.1.2/cosign-darwin-amd64"
url_api = "https://api.github.com/repos/sigstore/cosign/releases/assets/480496599"
provenance = "cosign"

[tools.cosign."platforms.windows-x64"]
checksum = "sha256:fe4d621d7ae5e900ee62089837c00f996ae9acb82027d573d1d157b6ee875cb2"
url = "https://github.com/sigstore/cosign/releases/download/v3.1.2/cosign-windows-amd64.exe"
url_api = "https://api.github.com/repos/sigstore/cosign/releases/assets/480497219"
provenance = "cosign"

[[tools.duckdb]]
version = "1.5.5"
backend = "aqua:duckdb/duckdb"

[tools.duckdb."platforms.linux-arm64"]
checksum = "sha256:02163197027a42149147364d31fa67cac82108517a4be43304a1cc226eaef07a"
url = "https://github.com/duckdb/duckdb/releases/download/v1.5.5/duckdb_cli-linux-arm64.zip"
url_api = "https://api.github.com/repos/duckdb/duckdb/releases/assets/485846943"

[tools.duckdb."platforms.linux-arm64-musl"]
checksum = "sha256:520e4a9024be2f5bd2dafd84b806740c0544e4b47412291f200bd739a5b0f7ff"
url = "https://github.com/duckdb/duckdb/releases/download/v1.5.5/duckdb_cli-linux-arm64-musl.zip"
url_api = "https://api.github.com/repos/duckdb/duckdb/releases/assets/485846922"

[tools.duckdb."platforms.linux-x64"]
checksum = "sha256:08c0ca117111fcede14239d0093792352befdc174218c344d232c13279643d05"
url = "https://github.com/duckdb/duckdb/releases/download/v1.5.5/duckdb_cli-linux-amd64.zip"
url_api = "https://api.github.com/repos/duckdb/duckdb/releases/assets/485846903"

[tools.duckdb."platforms.linux-x64-musl"]
checksum = "sha256:4261fe20bab47d92742d5e21eee979e9e81548442985b9e3327725e1f755c910"
url = "https://github.com/duckdb/duckdb/releases/download/v1.5.5/duckdb_cli-linux-amd64-musl.zip"
url_api = "https://api.github.com/repos/duckdb/duckdb/releases/assets/485846869"

[tools.duckdb."platforms.macos-arm64"]
checksum = "sha256:7a4bc3a93f7f92f5b40cd09c21afaf98e415c6cb9d9170064993782e779f4115"
url = "https://github.com/duckdb/duckdb/releases/download/v1.5.5/duckdb_cli-osx-universal.zip"
url_api = "https://api.github.com/repos/duckdb/duckdb/releases/assets/485847030"

[tools.duckdb."platforms.macos-x64"]
checksum = "sha256:7a4bc3a93f7f92f5b40cd09c21afaf98e415c6cb9d9170064993782e779f4115"
url = "https://github.com/duckdb/duckdb/releases/download/v1.5.5/duckdb_cli-osx-universal.zip"
url_api = "https://api.github.com/repos/duckdb/duckdb/releases/assets/485847030"

[tools.duckdb."platforms.windows-x64"]
checksum = "sha256:e1428b7114a841626b5054723731cbf45c6df91b42ae1a6c355f88fad1f6dc4c"
url = "https://github.com/duckdb/duckdb/releases/download/v1.5.5/duckdb_cli-windows-amd64.zip"
url_api = "https://api.github.com/repos/duckdb/duckdb/releases/assets/485847051"

[[tools.elixir]]
version = "1.20.0-otp-29"
backend = "core:elixir"

[tools.elixir."platforms.linux-arm64"]
checksum = "sha256:eb04bbe0748cfc1414081a005c711a102d0b3f551ff96cc8cff81b0e7d468f19"
url = "https://builds.hex.pm/builds/elixir/v1.20.0-otp-29.zip"

[tools.elixir."platforms.linux-arm64-musl"]
checksum = "sha256:eb04bbe0748cfc1414081a005c711a102d0b3f551ff96cc8cff81b0e7d468f19"
url = "https://builds.hex.pm/builds/elixir/v1.20.0-otp-29.zip"

[tools.elixir."platforms.linux-x64"]
checksum = "blake3:948b0442f75a4bcb3bf2988323ef0930c7d1c61de2aabaa02fb27ce63f06a858"
url = "https://builds.hex.pm/builds/elixir/v1.20.0-otp-29.zip"

[tools.elixir."platforms.linux-x64-musl"]
checksum = "sha256:eb04bbe0748cfc1414081a005c711a102d0b3f551ff96cc8cff81b0e7d468f19"
url = "https://builds.hex.pm/builds/elixir/v1.20.0-otp-29.zip"

[tools.elixir."platforms.macos-arm64"]
checksum = "sha256:eb04bbe0748cfc1414081a005c711a102d0b3f551ff96cc8cff81b0e7d468f19"
url = "https://builds.hex.pm/builds/elixir/v1.20.0-otp-29.zip"

[tools.elixir."platforms.macos-x64"]
checksum = "sha256:eb04bbe0748cfc1414081a005c711a102d0b3f551ff96cc8cff81b0e7d468f19"
url = "https://builds.hex.pm/builds/elixir/v1.20.0-otp-29.zip"

[tools.elixir."platforms.windows-x64"]
checksum = "sha256:eb04bbe0748cfc1414081a005c711a102d0b3f551ff96cc8cff81b0e7d468f19"
url = "https://builds.hex.pm/builds/elixir/v1.20.0-otp-29.zip"

[[tools.erlang]]
version = "29.0"
backend = "core:erlang"

[tools.erlang."platforms.linux-arm64"]
checksum = "sha256:149bb67708427ae50fce861d54ff676134e003438012efb41187d28122938564"
url = "https://github.com/erlang/otp/releases/download/OTP-29.0/otp_src_29.0.tar.gz"
url_api = "https://api.github.com/repos/erlang/otp/releases/assets/419221001"
install = "source"

[tools.erlang."platforms.linux-arm64-musl"]
checksum = "sha256:149bb67708427ae50fce861d54ff676134e003438012efb41187d28122938564"
url = "https://github.com/erlang/otp/releases/download/OTP-29.0/otp_src_29.0.tar.gz"
url_api = "https://api.github.com/repos/erlang/otp/releases/assets/419221001"
install = "source"

[tools.erlang."platforms.linux-x64"]
checksum = "sha256:149bb67708427ae50fce861d54ff676134e003438012efb41187d28122938564"
url = "https://github.com/erlang/otp/releases/download/OTP-29.0/otp_src_29.0.tar.gz"
url_api = "https://api.github.com/repos/erlang/otp/releases/assets/419221001"
install = "source"

[tools.erlang."platforms.linux-x64-musl"]
checksum = "sha256:149bb67708427ae50fce861d54ff676134e003438012efb41187d28122938564"
url = "https://github.com/erlang/otp/releases/download/OTP-29.0/otp_src_29.0.tar.gz"
url_api = "https://api.github.com/repos/erlang/otp/releases/assets/419221001"
install = "source"

[tools.erlang."platforms.macos-arm64"]
checksum = "sha256:ea579f8e16fcef789ebcb38d06cc55b36f16fbfa10c8f9b8b321691ce5ecc034"
url = "https://github.com/erlef/otp_builds/releases/download/OTP-29.0/otp-aarch64-apple-darwin.tar.gz"
url_api = "https://api.github.com/repos/erlef/otp_builds/releases/assets/419147586"

[tools.erlang."platforms.macos-x64"]
checksum = "sha256:9f030b550cf79d4564a1dc697f015b4d7b463261df1bcc61314b1a28367f8a03"
url = "https://github.com/erlef/otp_builds/releases/download/OTP-29.0/otp-x86_64-apple-darwin.tar.gz"
url_api = "https://api.github.com/repos/erlef/otp_builds/releases/assets/419152404"

[tools.erlang."platforms.windows-x64"]
checksum = "sha256:d877b2b57bb837ef7682925ce797e94019abfbf948c2b5c19d1193e57878a8e0"
url = "https://github.com/erlang/otp/releases/download/OTP-29.0/otp_win64_29.0.zip"
url_api = "https://api.github.com/repos/erlang/otp/releases/assets/419252623"

[[tools.fzf]]
version = "0.74.1"
backend = "aqua:junegunn/fzf"

[tools.fzf."platforms.linux-arm64"]
checksum = "sha256:f22204dd1a091d43e102268d062fd53b47133c8d8581671ee5eb225b75e31183"
url = "https://github.com/junegunn/fzf/releases/download/v0.74.1/fzf-0.74.1-linux_arm64.tar.gz"
url_api = "https://api.github.com/repos/junegunn/fzf/releases/assets/481468085"

[tools.fzf."platforms.linux-arm64-musl"]
checksum = "sha256:f22204dd1a091d43e102268d062fd53b47133c8d8581671ee5eb225b75e31183"
url = "https://github.com/junegunn/fzf/releases/download/v0.74.1/fzf-0.74.1-linux_arm64.tar.gz"
url_api = "https://api.github.com/repos/junegunn/fzf/releases/assets/481468085"

[tools.fzf."platforms.linux-x64"]
checksum = "sha256:df53438be5f51e151bb4044d78fda72bdfe209e3ecd2baecae48e8dea370c81b"
url = "https://github.com/junegunn/fzf/releases/download/v0.74.1/fzf-0.74.1-linux_amd64.tar.gz"
url_api = "https://api.github.com/repos/junegunn/fzf/releases/assets/481468039"

[tools.fzf."platforms.linux-x64-musl"]
checksum = "sha256:df53438be5f51e151bb4044d78fda72bdfe209e3ecd2baecae48e8dea370c81b"
url = "https://github.com/junegunn/fzf/releases/download/v0.74.1/fzf-0.74.1-linux_amd64.tar.gz"
url_api = "https://api.github.com/repos/junegunn/fzf/releases/assets/481468039"

[tools.fzf."platforms.macos-arm64"]
checksum = "sha256:849d1d33b050f04dd6b765665e417da151b0e4654dbed8f55c60fd8e23f3ba20"
url = "https://github.com/junegunn/fzf/releases/download/v0.74.1/fzf-0.74.1-darwin_arm64.tar.gz"
url_api = "https://api.github.com/repos/junegunn/fzf/releases/assets/481468061"

[tools.fzf."platforms.macos-x64"]
checksum = "sha256:642f29fb2800690385efb176a209b14d9f593795f0f70ee12c919ee15472e439"
url = "https://github.com/junegunn/fzf/releases/download/v0.74.1/fzf-0.74.1-darwin_amd64.tar.gz"
url_api = "https://api.github.com/repos/junegunn/fzf/releases/assets/481468093"

[tools.fzf."platforms.windows-x64"]
checksum = "sha256:d83a94a68a9203f6366754123c0e4d7a61e16be18a5d845f4838664b330c4f5f"
url = "https://github.com/junegunn/fzf/releases/download/v0.74.1/fzf-0.74.1-windows_amd64.zip"
url_api = "https://api.github.com/repos/junegunn/fzf/releases/assets/481468090"

[[tools.gh]]
version = "2.96.0"
backend = "aqua:cli/cli"

[tools.gh."platforms.linux-arm64"]
checksum = "sha256:06f86ec7103d41993b76cd78072f43595c34aaa56506d971d9860e67140bf909"
url = "https://github.com/cli/cli/releases/download/v2.96.0/gh_2.96.0_linux_arm64.tar.gz"
url_api = "https://api.github.com/repos/cli/cli/releases/assets/464728549"
provenance = "github-attestations"

[tools.gh."platforms.linux-arm64-musl"]
checksum = "sha256:06f86ec7103d41993b76cd78072f43595c34aaa56506d971d9860e67140bf909"
url = "https://github.com/cli/cli/releases/download/v2.96.0/gh_2.96.0_linux_arm64.tar.gz"
url_api = "https://api.github.com/repos/cli/cli/releases/assets/464728549"
provenance = "github-attestations"

[tools.gh."platforms.linux-x64"]
checksum = "sha256:83d5c2ccad5498f58bf6368acb1ab32588cf43ab3a4b1c301bf36328b1c8bd60"
url = "https://github.com/cli/cli/releases/download/v2.96.0/gh_2.96.0_linux_amd64.tar.gz"
url_api = "https://api.github.com/repos/cli/cli/releases/assets/464728543"
provenance = "github-attestations"

[tools.gh."platforms.linux-x64-musl"]
checksum = "sha256:83d5c2ccad5498f58bf6368acb1ab32588cf43ab3a4b1c301bf36328b1c8bd60"
url = "https://github.com/cli/cli/releases/download/v2.96.0/gh_2.96.0_linux_amd64.tar.gz"
url_api = "https://api.github.com/repos/cli/cli/releases/assets/464728543"
provenance = "github-attestations"

[tools.gh."platforms.macos-arm64"]
checksum = "sha256:f23a0c37d963aacc3bed703ccbd59b41c5ca22101fab7f00eb2b7cad23aba463"
url = "https://github.com/cli/cli/releases/download/v2.96.0/gh_2.96.0_macOS_arm64.zip"
url_api = "https://api.github.com/repos/cli/cli/releases/assets/464728562"
provenance = "github-attestations"

[tools.gh."platforms.macos-x64"]
checksum = "sha256:4bd449df9ad639391bc62b8032546f0fe9edcd8526e06682a4f88abd8c5d163c"
url = "https://github.com/cli/cli/releases/download/v2.96.0/gh_2.96.0_macOS_amd64.zip"
url_api = "https://api.github.com/repos/cli/cli/releases/assets/464728560"
provenance = "github-attestations"

[tools.gh."platforms.windows-x64"]
checksum = "sha256:c2d6acc935cd2f00e2144d7e036d5cd82e6b6bd5594e8c75aa75ef2a4ed6aac3"
url = "https://github.com/cli/cli/releases/download/v2.96.0/gh_2.96.0_windows_amd64.zip"
url_api = "https://api.github.com/repos/cli/cli/releases/assets/464728577"
provenance = "github-attestations"

[[tools."github:mvdan/sh"]]
version = "3.13.1"
backend = "github:mvdan/sh"

[tools."github:mvdan/sh"."platforms.linux-arm64"]
checksum = "sha256:32d92acaa5cd8abb29fc49dac123dc412442d5713967819d8af2c29f1b3857c7"
url = "https://github.com/mvdan/sh/releases/download/v3.13.1/shfmt_v3.13.1_linux_arm64"
url_api = "https://api.github.com/repos/mvdan/sh/releases/assets/390322859"

[tools."github:mvdan/sh"."platforms.linux-arm64-musl"]
checksum = "sha256:32d92acaa5cd8abb29fc49dac123dc412442d5713967819d8af2c29f1b3857c7"
url = "https://github.com/mvdan/sh/releases/download/v3.13.1/shfmt_v3.13.1_linux_arm64"
url_api = "https://api.github.com/repos/mvdan/sh/releases/assets/390322859"

[tools."github:mvdan/sh"."platforms.linux-x64"]
checksum = "sha256:fb096c5d1ac6beabbdbaa2874d025badb03ee07929f0c9ff67563ce8c75398b1"
url = "https://github.com/mvdan/sh/releases/download/v3.13.1/shfmt_v3.13.1_linux_amd64"
url_api = "https://api.github.com/repos/mvdan/sh/releases/assets/390322866"

[tools."github:mvdan/sh"."platforms.linux-x64-musl"]
checksum = "sha256:fb096c5d1ac6beabbdbaa2874d025badb03ee07929f0c9ff67563ce8c75398b1"
url = "https://github.com/mvdan/sh/releases/download/v3.13.1/shfmt_v3.13.1_linux_amd64"
url_api = "https://api.github.com/repos/mvdan/sh/releases/assets/390322866"

[tools."github:mvdan/sh"."platforms.macos-arm64"]
checksum = "sha256:9680526be4a66ea1ffe988ed08af58e1400fe1e4f4aef5bd88b20bb9b3da33f8"
url = "https://github.com/mvdan/sh/releases/download/v3.13.1/shfmt_v3.13.1_darwin_arm64"
url_api = "https://api.github.com/repos/mvdan/sh/releases/assets/390322881"

[tools."github:mvdan/sh"."platforms.macos-x64"]
checksum = "sha256:6feedafc72915794163114f512348e2437d080d0047ef8b8fa2ec63b575f12af"
url = "https://github.com/mvdan/sh/releases/download/v3.13.1/shfmt_v3.13.1_darwin_amd64"
url_api = "https://api.github.com/repos/mvdan/sh/releases/assets/390322886"

[tools."github:mvdan/sh"."platforms.windows-x64"]
checksum = "sha256:60cd368533d0ad73fa86d93d5bbf95ef40587245ce684ed138c1b31557b5fe97"
url = "https://github.com/mvdan/sh/releases/download/v3.13.1/shfmt_v3.13.1_windows_amd64.exe"
url_api = "https://api.github.com/repos/mvdan/sh/releases/assets/390322844"

[[tools."github:tailwindlabs/tailwindcss"]]
version = "4.3.3"
backend = "github:tailwindlabs/tailwindcss"

[tools."github:tailwindlabs/tailwindcss"."platforms.linux-arm64"]
checksum = "sha256:55fd0b241214eff3de1e8ee4f22796662f2d2e7a49bcfca7477cfd0bac398195"
url = "https://github.com/tailwindlabs/tailwindcss/releases/download/v4.3.3/tailwindcss-linux-arm64"
url_api = "https://api.github.com/repos/tailwindlabs/tailwindcss/releases/assets/479118283"

[tools."github:tailwindlabs/tailwindcss"."platforms.linux-arm64-musl"]
checksum = "sha256:71ea4be79c9de9827545682df3e040053fb535d37c71ed2cfdedf9385a0868e0"
url = "https://github.com/tailwindlabs/tailwindcss/releases/download/v4.3.3/tailwindcss-linux-arm64-musl"
url_api = "https://api.github.com/repos/tailwindlabs/tailwindcss/releases/assets/479118284"

[tools."github:tailwindlabs/tailwindcss"."platforms.linux-x64"]
checksum = "sha256:dc61b3ac6b8c9ca874c0cc4c57b2409791a64c5540404ca5f5367360babc313a"
url = "https://github.com/tailwindlabs/tailwindcss/releases/download/v4.3.3/tailwindcss-linux-x64"
url_api = "https://api.github.com/repos/tailwindlabs/tailwindcss/releases/assets/479118279"

[tools."github:tailwindlabs/tailwindcss"."platforms.linux-x64-musl"]
checksum = "sha256:a04d34ceacc8f52cbe8920ad846cdeb61d3d0021dba32db0d1f77c9d9fad7a6c"
url = "https://github.com/tailwindlabs/tailwindcss/releases/download/v4.3.3/tailwindcss-linux-x64-musl"
url_api = "https://api.github.com/repos/tailwindlabs/tailwindcss/releases/assets/479118285"

[tools."github:tailwindlabs/tailwindcss"."platforms.macos-arm64"]
checksum = "sha256:cdf646702987a743464dff4d9c60fd4480d1c1e73dd819a9a67f1078815dce9d"
url = "https://github.com/tailwindlabs/tailwindcss/releases/download/v4.3.3/tailwindcss-macos-arm64"
url_api = "https://api.github.com/repos/tailwindlabs/tailwindcss/releases/assets/479118290"

[tools."github:tailwindlabs/tailwindcss"."platforms.macos-x64"]
checksum = "sha256:7922e0953f2110c05976e3bf58f14e643d90427575e766b7d433f5f80cbee7e1"
url = "https://github.com/tailwindlabs/tailwindcss/releases/download/v4.3.3/tailwindcss-macos-x64"
url_api = "https://api.github.com/repos/tailwindlabs/tailwindcss/releases/assets/479118387"

[tools."github:tailwindlabs/tailwindcss"."platforms.windows-x64"]
checksum = "sha256:e0e260ce048014e9268f6237ff18f8ccf02cef521cbd0ae04e82c2cdf7aa3955"
url = "https://github.com/tailwindlabs/tailwindcss/releases/download/v4.3.3/tailwindcss-windows-x64.exe"
url_api = "https://api.github.com/repos/tailwindlabs/tailwindcss/releases/assets/479118448"

[[tools.glab]]
version = "1.109.0"
backend = "gitlab:gitlab-org/cli"

[tools.glab."platforms.linux-arm64"]
checksum = "sha256:288155229b7a0824aaca5fbdc36000d0c41fe5d8b4a4c3cbe9908e75f4e4ec2e"
url = "https://gitlab.com/gitlab-org/cli/-/releases/v1.109.0/downloads/glab_1.109.0_linux_arm64.tar.gz"
url_api = "https://gitlab.com/api/v4/projects/gitlab-org%2Fcli/packages/generic/glab/1%2E109%2E0/glab_1%2E109%2E0_linux_arm64%2Etar%2Egz"

[tools.glab."platforms.linux-arm64-musl"]
checksum = "sha256:288155229b7a0824aaca5fbdc36000d0c41fe5d8b4a4c3cbe9908e75f4e4ec2e"
url = "https://gitlab.com/gitlab-org/cli/-/releases/v1.109.0/downloads/glab_1.109.0_linux_arm64.tar.gz"
url_api = "https://gitlab.com/api/v4/projects/gitlab-org%2Fcli/packages/generic/glab/1%2E109%2E0/glab_1%2E109%2E0_linux_arm64%2Etar%2Egz"

[tools.glab."platforms.linux-x64"]
checksum = "sha256:67b4a8557727a058f44e0839babdcf214ea6f6f829062cf0bae02f7b25814e5d"
url = "https://gitlab.com/gitlab-org/cli/-/releases/v1.109.0/downloads/glab_1.109.0_linux_amd64.tar.gz"
url_api = "https://gitlab.com/api/v4/projects/gitlab-org%2Fcli/packages/generic/glab/1%2E109%2E0/glab_1%2E109%2E0_linux_amd64%2Etar%2Egz"

[tools.glab."platforms.linux-x64-musl"]
checksum = "sha256:67b4a8557727a058f44e0839babdcf214ea6f6f829062cf0bae02f7b25814e5d"
url = "https://gitlab.com/gitlab-org/cli/-/releases/v1.109.0/downloads/glab_1.109.0_linux_amd64.tar.gz"
url_api = "https://gitlab.com/api/v4/projects/gitlab-org%2Fcli/packages/generic/glab/1%2E109%2E0/glab_1%2E109%2E0_linux_amd64%2Etar%2Egz"

[tools.glab."platforms.macos-arm64"]
checksum = "sha256:e3c2dfeb96ebe8756273a0a04b7efbadf9eee7731cccc3882bfc03b2dc151cbf"
url = "https://gitlab.com/gitlab-org/cli/-/releases/v1.109.0/downloads/glab_1.109.0_darwin_arm64.tar.gz"
url_api = "https://gitlab.com/api/v4/projects/gitlab-org%2Fcli/packages/generic/glab/1%2E109%2E0/glab_1%2E109%2E0_darwin_arm64%2Etar%2Egz"

[tools.glab."platforms.macos-x64"]
checksum = "sha256:b0e321a17dcd44d6186384cf325ce12de93eaa7eb5261dd1d598fede4c7aade0"
url = "https://gitlab.com/gitlab-org/cli/-/releases/v1.109.0/downloads/glab_1.109.0_darwin_amd64.tar.gz"
url_api = "https://gitlab.com/api/v4/projects/gitlab-org%2Fcli/packages/generic/glab/1%2E109%2E0/glab_1%2E109%2E0_darwin_amd64%2Etar%2Egz"

[tools.glab."platforms.windows-x64"]
checksum = "sha256:ae7c59adf785a3877176fea40341ac6ac1db316578fbb57e1f0c003d4e840876"
url = "https://gitlab.com/gitlab-org/cli/-/releases/v1.109.0/downloads/glab_1.109.0_windows_amd64.zip"
url_api = "https://gitlab.com/api/v4/projects/gitlab-org%2Fcli/packages/generic/glab/1%2E109%2E0/glab_1%2E109%2E0_windows_amd64%2Ezip"

[[tools.go]]
version = "1.26.3"
backend = "core:go"

[tools.go."platforms.linux-arm64"]
checksum = "sha256:9d89a3ea57d141c2b22d70083f2c8459ba3890f2d9e818e7e933b75614936565"
url = "https://dl.google.com/go/go1.26.3.linux-arm64.tar.gz"

[tools.go."platforms.linux-arm64-musl"]
checksum = "sha256:9d89a3ea57d141c2b22d70083f2c8459ba3890f2d9e818e7e933b75614936565"
url = "https://dl.google.com/go/go1.26.3.linux-arm64.tar.gz"

[tools.go."platforms.linux-x64"]
checksum = "sha256:2b2cfc7148493da5e73981bffbf3353af381d5f93e789c82c79aff64962eb556"
url = "https://dl.google.com/go/go1.26.3.linux-amd64.tar.gz"

[tools.go."platforms.linux-x64-musl"]
checksum = "sha256:2b2cfc7148493da5e73981bffbf3353af381d5f93e789c82c79aff64962eb556"
url = "https://dl.google.com/go/go1.26.3.linux-amd64.tar.gz"

[tools.go."platforms.macos-arm64"]
checksum = "sha256:875cf54a15311eee2c99b9dd67c68c4a49351d489ab622bf2cfd28c8f2078d3c"
url = "https://dl.google.com/go/go1.26.3.darwin-arm64.tar.gz"

[tools.go."platforms.macos-x64"]
checksum = "sha256:278d580b32e299fe4a9c990fcf2d02acfe538c7e551a6ee18f9c7164573d2c63"
url = "https://dl.google.com/go/go1.26.3.darwin-amd64.tar.gz"

[tools.go."platforms.windows-x64"]
checksum = "sha256:20d2ceafb4ed41b96b879010927b28bc92a5be57a7c1801ce365a9ca51d3224a"
url = "https://dl.google.com/go/go1.26.3.windows-amd64.zip"

[[tools.lua]]
version = "5.5.0"
backend = "asdf:lua"

[[tools.node]]
version = "26.5.0"
backend = "core:node"

[tools.node."platforms.linux-arm64"]
checksum = "sha256:308e5fe89a82461ba5a6cf15ff5221b2cdbd7ae87600aa72bb3c3fbdc66412d1"
url = "https://nodejs.org/dist/v26.5.0/node-v26.5.0-linux-arm64.tar.gz"

[tools.node."platforms.linux-arm64-musl"]
checksum = "sha256:1ab31aef6561191693f366cacd75bbcefa0301e49a18bc05554c21893bbdb490"
url = "https://unofficial-builds.nodejs.org/download/release/v26.5.0/node-v26.5.0-linux-arm64-musl.tar.gz"

[tools.node."platforms.linux-x64"]
checksum = "sha256:22b5f47ad6ae78837e4c2b846019965ce1a06ba143de176102294a1bf44fc677"
url = "https://nodejs.org/dist/v26.5.0/node-v26.5.0-linux-x64.tar.gz"

[tools.node."platforms.linux-x64-musl"]
checksum = "sha256:00f1398411a4216c5a6ecaad3b825a0da5ec00e79ee8c173ab65a094d97b9ad8"
url = "https://unofficial-builds.nodejs.org/download/release/v26.5.0/node-v26.5.0-linux-x64-musl.tar.gz"

[tools.node."platforms.macos-arm64"]
checksum = "sha256:ee920559aaa2391569cff4d737e3b83963430e3a14dedd91bfe0ff53171b5af9"
url = "https://nodejs.org/dist/v26.5.0/node-v26.5.0-darwin-arm64.tar.gz"

[tools.node."platforms.macos-x64"]
checksum = "sha256:98293394c945a24e64e00b4177bf075ec963ea70b34d1d2e24bd4a71716d334f"
url = "https://nodejs.org/dist/v26.5.0/node-v26.5.0-darwin-x64.tar.gz"

[tools.node."platforms.windows-x64"]
checksum = "sha256:d3b2277dbcccfdf24ef6302928f64f484cff1d77a6d3caa3a28f4d20ce9158f6"
url = "https://nodejs.org/dist/v26.5.0/node-v26.5.0-win-x64.zip"

[[tools.powershell]]
version = "7.6.4"
backend = "aqua:PowerShell/PowerShell"

[tools.powershell."platforms.linux-arm64"]
checksum = "sha256:d4ef2382fa452f2ccbdb48a01adbbce9ed64954872123970c16be6d086d1224b"
url = "https://github.com/PowerShell/PowerShell/releases/download/v7.6.4/powershell-7.6.4-linux-arm64.tar.gz"
url_api = "https://api.github.com/repos/PowerShell/PowerShell/releases/assets/483874935"

[tools.powershell."platforms.linux-arm64-musl"]
checksum = "sha256:d4ef2382fa452f2ccbdb48a01adbbce9ed64954872123970c16be6d086d1224b"
url = "https://github.com/PowerShell/PowerShell/releases/download/v7.6.4/powershell-7.6.4-linux-arm64.tar.gz"
url_api = "https://api.github.com/repos/PowerShell/PowerShell/releases/assets/483874935"

[tools.powershell."platforms.linux-x64"]
checksum = "sha256:4471b5a36bfe86ec7af8525d36bb1cacba0128e7aac22d05cc064bc00e604721"
url = "https://github.com/PowerShell/PowerShell/releases/download/v7.6.4/powershell-7.6.4-linux-x64.tar.gz"
url_api = "https://api.github.com/repos/PowerShell/PowerShell/releases/assets/483875081"

[tools.powershell."platforms.linux-x64-musl"]
checksum = "sha256:2c7c18870b1ad0c107b1665b5f8733b656eb67260f6a6970aba4e7773287d8fd"
url = "https://github.com/PowerShell/PowerShell/releases/download/v7.6.4/powershell-7.6.4-linux-musl-x64.tar.gz"
url_api = "https://api.github.com/repos/PowerShell/PowerShell/releases/assets/483874978"

[tools.powershell."platforms.macos-arm64"]
checksum = "sha256:fff37135307d3a57038adb44eded6c3b4dcd2e254382f4913bc253499ef3469d"
url = "https://github.com/PowerShell/PowerShell/releases/download/v7.6.4/powershell-7.6.4-osx-arm64.tar.gz"
url_api = "https://api.github.com/repos/PowerShell/PowerShell/releases/assets/483875170"

[tools.powershell."platforms.macos-x64"]
checksum = "sha256:b58e4b96dbdca20c058d4462f33509d386c0d768751344611bc04aaf32e4187c"
url = "https://github.com/PowerShell/PowerShell/releases/download/v7.6.4/powershell-7.6.4-osx-x64.tar.gz"
url_api = "https://api.github.com/repos/PowerShell/PowerShell/releases/assets/483875280"

[tools.powershell."platforms.windows-x64"]
checksum = "sha256:80832551c52809301e6071c8bac977beb5a2f1ec953eb4db9f94deb953333793"
url = "https://github.com/PowerShell/PowerShell/releases/download/v7.6.4/PowerShell-7.6.4-win-x64.zip"
url_api = "https://api.github.com/repos/PowerShell/PowerShell/releases/assets/483875563"

[[tools.python]]
version = "3.14.5"
backend = "core:python"

[tools.python."platforms.linux-arm64"]
checksum = "sha256:bea1aa66159eaf97ade1225e40b7060d709154da961aa37792bb8066d8f6af49"
url = "https://github.com/astral-sh/python-build-standalone/releases/download/20260510/cpython-3.14.5+20260510-aarch64-unknown-linux-gnu-install_only_stripped.tar.gz"
provenance = "github-attestations"

[tools.python."platforms.linux-arm64-musl"]
checksum = "sha256:011e29568c2a6ed64938fba0793ca6225c99bc4d804143a26875b5f9ee3fc7fa"
url = "https://github.com/astral-sh/python-build-standalone/releases/download/20260510/cpython-3.14.5+20260510-aarch64-unknown-linux-musl-install_only_stripped.tar.gz"
provenance = "github-attestations"

[tools.python."platforms.linux-x64"]
checksum = "sha256:dc10977b0db3bef1ee2275107fde6fe9c148135b556fa352e83c6baa67d17ed6"
url = "https://github.com/astral-sh/python-build-standalone/releases/download/20260510/cpython-3.14.5+20260510-x86_64-unknown-linux-gnu-install_only_stripped.tar.gz"
provenance = "github-attestations"

[tools.python."platforms.linux-x64-musl"]
checksum = "sha256:6bc02ce4575e5d5379f4533f3d3f77acfdfd5ccd9c4edf790fcdd84578a1df01"
url = "https://github.com/astral-sh/python-build-standalone/releases/download/20260510/cpython-3.14.5+20260510-x86_64-unknown-linux-musl-install_only_stripped.tar.gz"
provenance = "github-attestations"

[tools.python."platforms.macos-arm64"]
checksum = "sha256:1bb0b3d45448dfe7e916dc62144cfd7d7a611dc6ccf05b8bb71662cc5c2a1ad2"
url = "https://github.com/astral-sh/python-build-standalone/releases/download/20260510/cpython-3.14.5+20260510-aarch64-apple-darwin-install_only_stripped.tar.gz"
provenance = "github-attestations"

[tools.python."platforms.macos-x64"]
checksum = "sha256:38662e526797db4e90b3381706b96821979fece0b536ac14b5c4e1a97e0590d5"
url = "https://github.com/astral-sh/python-build-standalone/releases/download/20260510/cpython-3.14.5+20260510-x86_64-apple-darwin-install_only_stripped.tar.gz"
provenance = "github-attestations"

[tools.python."platforms.windows-x64"]
checksum = "sha256:4d26ade49e9571ccb3bd1a88cfc72c52b11a9a9f6e204a57f38592aed137566a"
url = "https://github.com/astral-sh/python-build-standalone/releases/download/20260510/cpython-3.14.5+20260510-x86_64-pc-windows-msvc-install_only_stripped.tar.gz"
provenance = "github-attestations"

[[tools.ripgrep]]
version = "15.2.0"
backend = "aqua:BurntSushi/ripgrep"

[tools.ripgrep."platforms.linux-arm64"]
checksum = "sha256:a740b91c82eaf9914cfedd353572f2791cbe0162c84101ee0951058f4dcbc90d"
url = "https://github.com/BurntSushi/ripgrep/releases/download/15.2.0/ripgrep-15.2.0-aarch64-unknown-linux-gnu.tar.gz"
url_api = "https://api.github.com/repos/BurntSushi/ripgrep/releases/assets/478119579"

[tools.ripgrep."platforms.linux-arm64-musl"]
checksum = "sha256:800b1e7206afe799dfb5a6901f23147cfaabe0e52210538100f61e86e1740915"
url = "https://github.com/BurntSushi/ripgrep/releases/download/15.2.0/ripgrep-15.2.0-aarch64-unknown-linux-musl.tar.gz"
url_api = "https://api.github.com/repos/BurntSushi/ripgrep/releases/assets/478120060"

[tools.ripgrep."platforms.linux-x64"]
checksum = "sha256:33e15bcf1624b25cdd2a55813a47a2f95dbe126268203e76aa6a585d1e7b149c"
url = "https://github.com/BurntSushi/ripgrep/releases/download/15.2.0/ripgrep-15.2.0-x86_64-unknown-linux-musl.tar.gz"
url_api = "https://api.github.com/repos/BurntSushi/ripgrep/releases/assets/478120097"

[tools.ripgrep."platforms.linux-x64-musl"]
checksum = "sha256:33e15bcf1624b25cdd2a55813a47a2f95dbe126268203e76aa6a585d1e7b149c"
url = "https://github.com/BurntSushi/ripgrep/releases/download/15.2.0/ripgrep-15.2.0-x86_64-unknown-linux-musl.tar.gz"
url_api = "https://api.github.com/repos/BurntSushi/ripgrep/releases/assets/478120097"

[tools.ripgrep."platforms.macos-arm64"]
checksum = "sha256:3750b2e93f37e0c692657da574d7019a101c0084da05a790c83fd335bad973e4"
url = "https://github.com/BurntSushi/ripgrep/releases/download/15.2.0/ripgrep-15.2.0-aarch64-apple-darwin.tar.gz"
url_api = "https://api.github.com/repos/BurntSushi/ripgrep/releases/assets/478118851"

[tools.ripgrep."platforms.macos-x64"]
checksum = "sha256:af7825fcc69a2afc7a7aea55fc9af90e26421d8f20fe59df32e233c0b8a231c1"
url = "https://github.com/BurntSushi/ripgrep/releases/download/15.2.0/ripgrep-15.2.0-x86_64-apple-darwin.tar.gz"
url_api = "https://api.github.com/repos/BurntSushi/ripgrep/releases/assets/478119585"

[tools.ripgrep."platforms.windows-x64"]
checksum = "sha256:71b2fef860abe467217a538ff31de02f5258807c0129f771846f87bd029aafc5"
url = "https://github.com/BurntSushi/ripgrep/releases/download/15.2.0/ripgrep-15.2.0-x86_64-pc-windows-msvc.zip"
url_api = "https://api.github.com/repos/BurntSushi/ripgrep/releases/assets/478119643"

[[tools.shellcheck]]
version = "0.11.0"
backend = "aqua:koalaman/shellcheck"

[tools.shellcheck."platforms.linux-arm64"]
checksum = "sha256:12b331c1d2db6b9eb13cfca64306b1b157a86eb69db83023e261eaa7e7c14588"
url = "https://github.com/koalaman/shellcheck/releases/download/v0.11.0/shellcheck-v0.11.0.linux.aarch64.tar.xz"

[tools.shellcheck."platforms.linux-arm64-musl"]
checksum = "sha256:12b331c1d2db6b9eb13cfca64306b1b157a86eb69db83023e261eaa7e7c14588"
url = "https://github.com/koalaman/shellcheck/releases/download/v0.11.0/shellcheck-v0.11.0.linux.aarch64.tar.xz"

[tools.shellcheck."platforms.linux-x64"]
checksum = "sha256:8c3be12b05d5c177a04c29e3c78ce89ac86f1595681cab149b65b97c4e227198"
url = "https://github.com/koalaman/shellcheck/releases/download/v0.11.0/shellcheck-v0.11.0.linux.x86_64.tar.xz"

[tools.shellcheck."platforms.linux-x64-musl"]
checksum = "sha256:8c3be12b05d5c177a04c29e3c78ce89ac86f1595681cab149b65b97c4e227198"
url = "https://github.com/koalaman/shellcheck/releases/download/v0.11.0/shellcheck-v0.11.0.linux.x86_64.tar.xz"

[tools.shellcheck."platforms.macos-arm64"]
checksum = "sha256:56affdd8de5527894dca6dc3d7e0a99a873b0f004d7aabc30ae407d3f48b0a79"
url = "https://github.com/koalaman/shellcheck/releases/download/v0.11.0/shellcheck-v0.11.0.darwin.aarch64.tar.xz"

[tools.shellcheck."platforms.macos-x64"]
checksum = "sha256:3c89db4edcab7cf1c27bff178882e0f6f27f7afdf54e859fa041fca10febe4c6"
url = "https://github.com/koalaman/shellcheck/releases/download/v0.11.0/shellcheck-v0.11.0.darwin.x86_64.tar.xz"

[tools.shellcheck."platforms.windows-x64"]
checksum = "sha256:8a4e35ab0b331c85d73567b12f2a444df187f483e5079ceffa6bda1faa2e740e"
url = "https://github.com/koalaman/shellcheck/releases/download/v0.11.0/shellcheck-v0.11.0.zip"

[[tools.shellspec]]
version = "0.28.1"
backend = "aqua:shellspec/shellspec"

[tools.shellspec."platforms.linux-arm64"]
url = "https://github.com/shellspec/shellspec/archive/refs/tags/0.28.1.tar.gz"
url_api = "https://api.github.com/repos/shellspec/shellspec/tarball/0.28.1"

[tools.shellspec."platforms.linux-arm64-musl"]
url = "https://github.com/shellspec/shellspec/archive/refs/tags/0.28.1.tar.gz"
url_api = "https://api.github.com/repos/shellspec/shellspec/tarball/0.28.1"

[tools.shellspec."platforms.linux-x64"]
url = "https://github.com/shellspec/shellspec/archive/refs/tags/0.28.1.tar.gz"
url_api = "https://api.github.com/repos/shellspec/shellspec/tarball/0.28.1"

[tools.shellspec."platforms.linux-x64-musl"]
url = "https://github.com/shellspec/shellspec/archive/refs/tags/0.28.1.tar.gz"
url_api = "https://api.github.com/repos/shellspec/shellspec/tarball/0.28.1"

[tools.shellspec."platforms.macos-arm64"]
url = "https://github.com/shellspec/shellspec/archive/refs/tags/0.28.1.tar.gz"
url_api = "https://api.github.com/repos/shellspec/shellspec/tarball/0.28.1"

[tools.shellspec."platforms.macos-x64"]
url = "https://github.com/shellspec/shellspec/archive/refs/tags/0.28.1.tar.gz"
url_api = "https://api.github.com/repos/shellspec/shellspec/tarball/0.28.1"

[tools.shellspec."platforms.windows-x64"]
url = "https://github.com/shellspec/shellspec/archive/refs/tags/0.28.1.tar.gz"
url_api = "https://api.github.com/repos/shellspec/shellspec/tarball/0.28.1"

[[tools.sqlite]]
version = "3.53.4"
backend = "asdf:sqlite"

[[tools.starship]]
version = "1.26.0"
backend = "aqua:starship/starship"

[tools.starship."platforms.linux-arm64"]
checksum = "sha256:dc30189378d2f2e287384e8a692d3f95ad1df64cf0e8c36aa9201516028aed6b"
url = "https://github.com/starship/starship/releases/download/v1.26.0/starship-aarch64-unknown-linux-musl.tar.gz"
url_api = "https://api.github.com/repos/starship/starship/releases/assets/460374586"

[tools.starship."platforms.linux-arm64-musl"]
checksum = "sha256:dc30189378d2f2e287384e8a692d3f95ad1df64cf0e8c36aa9201516028aed6b"
url = "https://github.com/starship/starship/releases/download/v1.26.0/starship-aarch64-unknown-linux-musl.tar.gz"
url_api = "https://api.github.com/repos/starship/starship/releases/assets/460374586"

[tools.starship."platforms.linux-x64"]
checksum = "sha256:b7c232b0e8249d8e55a40beb79c5c43a7d370f3f9408bd215deb0170daeaadf3"
url = "https://github.com/starship/starship/releases/download/v1.26.0/starship-x86_64-unknown-linux-musl.tar.gz"
url_api = "https://api.github.com/repos/starship/starship/releases/assets/460374630"

[tools.starship."platforms.linux-x64-musl"]
checksum = "sha256:b7c232b0e8249d8e55a40beb79c5c43a7d370f3f9408bd215deb0170daeaadf3"
url = "https://github.com/starship/starship/releases/download/v1.26.0/starship-x86_64-unknown-linux-musl.tar.gz"
url_api = "https://api.github.com/repos/starship/starship/releases/assets/460374630"

[tools.starship."platforms.macos-arm64"]
checksum = "sha256:c40b27b11f580411e068f2fa6c1be7830a387c0bc47a94d1d37f32b054c5361d"
url = "https://github.com/starship/starship/releases/download/v1.26.0/starship-aarch64-apple-darwin.tar.gz"
url_api = "https://api.github.com/repos/starship/starship/releases/assets/460374577"

[tools.starship."platforms.macos-x64"]
checksum = "sha256:5548f406a4b6f5695903bdea83f77ce47ec12c8c0e62dabd33122d8f133e4207"
url = "https://github.com/starship/starship/releases/download/v1.26.0/starship-x86_64-apple-darwin.tar.gz"
url_api = "https://api.github.com/repos/starship/starship/releases/assets/460374608"

[tools.starship."platforms.windows-x64"]
checksum = "sha256:690021e22f2bf2c57d5867dc0fababe5e55e714c26942bd909ffddb6c5df42f2"
url = "https://github.com/starship/starship/releases/download/v1.26.0/starship-x86_64-pc-windows-msvc.zip"
url_api = "https://api.github.com/repos/starship/starship/releases/assets/460374615"

[[tools.stylua]]
version = "2.5.2"
backend = "aqua:JohnnyMorganz/StyLua"

[tools.stylua."platforms.linux-arm64"]
checksum = "sha256:0ef2ebf0b7e5a652b65c4cb96c6d9ffb3981a98547de3c764465bbf54a8d761a"
url = "https://github.com/JohnnyMorganz/StyLua/releases/download/v2.5.2/stylua-linux-aarch64.zip"

[tools.stylua."platforms.linux-arm64-musl"]
checksum = "sha256:b948df6b4bae41af9a70948174372f96a3c14d44e3e017288701539f3db8fb75"
url = "https://github.com/JohnnyMorganz/StyLua/releases/download/v2.5.2/stylua-linux-aarch64-musl.zip"

[tools.stylua."platforms.linux-x64"]
checksum = "sha256:ca6f1cf52eaf69e6632b81acef9c197aa24b85eb30d2455a35e7dbe28ae77c72"
url = "https://github.com/JohnnyMorganz/StyLua/releases/download/v2.5.2/stylua-linux-x86_64-musl.zip"

[tools.stylua."platforms.linux-x64-musl"]
checksum = "sha256:ca6f1cf52eaf69e6632b81acef9c197aa24b85eb30d2455a35e7dbe28ae77c72"
url = "https://github.com/JohnnyMorganz/StyLua/releases/download/v2.5.2/stylua-linux-x86_64-musl.zip"

[tools.stylua."platforms.macos-arm64"]
checksum = "sha256:92ff0889e16324801bc072692974bb67f8161e62010fc90f96c62a17f81f32c7"
url = "https://github.com/JohnnyMorganz/StyLua/releases/download/v2.5.2/stylua-macos-aarch64.zip"

[tools.stylua."platforms.macos-x64"]
checksum = "sha256:53c50a1605d0a6345d160a1a5a21db40bcf2bf9cd23c17f7c277a63a1bff3a7f"
url = "https://github.com/JohnnyMorganz/StyLua/releases/download/v2.5.2/stylua-macos-x86_64.zip"

[tools.stylua."platforms.windows-x64"]
checksum = "sha256:e77d0ea1226b8b389b43f702240091249a96eea25857281f90ea24d0eb9eb969"
url = "https://github.com/JohnnyMorganz/StyLua/releases/download/v2.5.2/stylua-windows-x86_64.zip"
