# @generated - this file is auto-generated by `mise lock` https://mise.en.dev/dev-tools/mise-lock.html

[[tools."aqua:ajeetdsouza/zoxide"]]
version = "0.10.0"
backend = "aqua:ajeetdsouza/zoxide"

[tools."aqua:ajeetdsouza/zoxide"."platforms.linux-arm64"]
checksum = "sha256:f1f16c5d6298d63dee467eedea1cdcd8490e43e493bea43acd416dc9033ef641"
url = "https://github.com/ajeetdsouza/zoxide/releases/download/v0.10.0/zoxide-0.10.0-aarch64-unknown-linux-musl.tar.gz"
url_api = "https://api.github.com/repos/ajeetdsouza/zoxide/releases/assets/466316402"

[tools."aqua:ajeetdsouza/zoxide"."platforms.linux-arm64-musl"]
checksum = "sha256:f1f16c5d6298d63dee467eedea1cdcd8490e43e493bea43acd416dc9033ef641"
url = "https://github.com/ajeetdsouza/zoxide/releases/download/v0.10.0/zoxide-0.10.0-aarch64-unknown-linux-musl.tar.gz"
url_api = "https://api.github.com/repos/ajeetdsouza/zoxide/releases/assets/466316402"

[tools."aqua:ajeetdsouza/zoxide"."platforms.linux-x64"]
checksum = "sha256:2d93385b99f3e82cf2701609a1bffcad863fbeb75aa3fe7eb6be4d29be68b1ae"
url = "https://github.com/ajeetdsouza/zoxide/releases/download/v0.10.0/zoxide-0.10.0-x86_64-unknown-linux-musl.tar.gz"
url_api = "https://api.github.com/repos/ajeetdsouza/zoxide/releases/assets/466316293"

[tools."aqua:ajeetdsouza/zoxide"."platforms.linux-x64-musl"]
checksum = "sha256:2d93385b99f3e82cf2701609a1bffcad863fbeb75aa3fe7eb6be4d29be68b1ae"
url = "https://github.com/ajeetdsouza/zoxide/releases/download/v0.10.0/zoxide-0.10.0-x86_64-unknown-linux-musl.tar.gz"
url_api = "https://api.github.com/repos/ajeetdsouza/zoxide/releases/assets/466316293"

[tools."aqua:ajeetdsouza/zoxide"."platforms.macos-arm64"]
checksum = "sha256:b55ae6f2f5f23d0a6ccb3bd4eeb2af9c7e0a6556e5255c82100e40305129bbb0"
url = "https://github.com/ajeetdsouza/zoxide/releases/download/v0.10.0/zoxide-0.10.0-aarch64-apple-darwin.tar.gz"
url_api = "https://api.github.com/repos/ajeetdsouza/zoxide/releases/assets/466316174"

[tools."aqua:ajeetdsouza/zoxide"."platforms.macos-x64"]
checksum = "sha256:18ab7ae2633ad6e2ab79a4e665cbba1e95b7c872d44523326efb793202451dad"
url = "https://github.com/ajeetdsouza/zoxide/releases/download/v0.10.0/zoxide-0.10.0-x86_64-apple-darwin.tar.gz"
url_api = "https://api.github.com/repos/ajeetdsouza/zoxide/releases/assets/466316167"

[tools."aqua:ajeetdsouza/zoxide"."platforms.windows-x64"]
checksum = "sha256:f465ae548f8754c8e7edbc60b45fbf58c92bfe123db83d790252d6810fa5daf1"
url = "https://github.com/ajeetdsouza/zoxide/releases/download/v0.10.0/zoxide-0.10.0-x86_64-pc-windows-msvc.zip"
url_api = "https://api.github.com/repos/ajeetdsouza/zoxide/releases/assets/466316769"

[[tools."github:sharkdp/bat"]]
version = "0.26.1"
backend = "github:sharkdp/bat"

[tools."github:sharkdp/bat"."platforms.linux-arm64"]
checksum = "sha256:422eb73e11c854fddd99f5ca8461c2f1d6e6dce0a2a8c3d5daade5ffcb6564aa"
url = "https://github.com/sharkdp/bat/releases/download/v0.26.1/bat-v0.26.1-aarch64-unknown-linux-gnu.tar.gz"
url_api = "https://api.github.com/repos/sharkdp/bat/releases/assets/323548647"

[tools."github:sharkdp/bat"."platforms.linux-arm64-musl"]
checksum = "sha256:6369242c584065f195fb20cb36fbd7cb63ae690605bbe89868a7596b596c2c23"
url = "https://github.com/sharkdp/bat/releases/download/v0.26.1/bat-v0.26.1-aarch64-unknown-linux-musl.tar.gz"
url_api = "https://api.github.com/repos/sharkdp/bat/releases/assets/323548153"

[tools."github:sharkdp/bat"."platforms.linux-x64"]
checksum = "sha256:726f04c8f576a7fd18b7634f1bbf2f915c43494c1c0f013baa3287edb0d5a2a3"
url = "https://github.com/sharkdp/bat/releases/download/v0.26.1/bat-v0.26.1-x86_64-unknown-linux-gnu.tar.gz"
url_api = "https://api.github.com/repos/sharkdp/bat/releases/assets/323549181"

[tools."github:sharkdp/bat"."platforms.linux-x64-musl"]
checksum = "sha256:0dcd8ac79732c0d5b136f11f4ee00e581440e16a44eab5b3105b611bbf2cf191"
url = "https://github.com/sharkdp/bat/releases/download/v0.26.1/bat-v0.26.1-x86_64-unknown-linux-musl.tar.gz"
url_api = "https://api.github.com/repos/sharkdp/bat/releases/assets/323549429"

[tools."github:sharkdp/bat"."platforms.macos-arm64"]
checksum = "sha256:e30beff26779c9bf60bb541e1d79046250cb74378f2757f8eb250afddb19e114"
url = "https://github.com/sharkdp/bat/releases/download/v0.26.1/bat-v0.26.1-aarch64-apple-darwin.tar.gz"
url_api = "https://api.github.com/repos/sharkdp/bat/releases/assets/323548442"

[tools."github:sharkdp/bat"."platforms.macos-x64"]
checksum = "sha256:830d63b0bba1fa040542ec569e3cf77f60d3356b9de75116a344b061e0894245"
url = "https://github.com/sharkdp/bat/releases/download/v0.26.1/bat-v0.26.1-x86_64-apple-darwin.tar.gz"
url_api = "https://api.github.com/repos/sharkdp/bat/releases/assets/323549786"

[tools."github:sharkdp/bat"."platforms.windows-x64"]
checksum = "sha256:0f729b4b6f5f28d395c641eacc2e9ff68d0096b85aa0eec344aa62425144b69b"
url = "https://github.com/sharkdp/bat/releases/download/v0.26.1/bat-v0.26.1-x86_64-pc-windows-msvc.zip"
url_api = "https://api.github.com/repos/sharkdp/bat/releases/assets/323549116"

[[tools."github:sharkdp/fd"]]
version = "10.4.2"
backend = "github:sharkdp/fd"

[tools."github:sharkdp/fd"."platforms.linux-arm64"]
checksum = "sha256:6c51f7c5446b3338b1e401ff15dc194c590bb2fa64fd43ff3278300f073adec5"
url = "https://github.com/sharkdp/fd/releases/download/v10.4.2/fd-v10.4.2-aarch64-unknown-linux-gnu.tar.gz"
url_api = "https://api.github.com/repos/sharkdp/fd/releases/assets/370663239"

[tools."github:sharkdp/fd"."platforms.linux-arm64-musl"]
checksum = "sha256:f32d3657473fba74e2600babc8db0b93420d51169223b7e8143b2ed55d8fd9e8"
url = "https://github.com/sharkdp/fd/releases/download/v10.4.2/fd-v10.4.2-aarch64-unknown-linux-musl.tar.gz"
url_api = "https://api.github.com/repos/sharkdp/fd/releases/assets/370662859"

[tools."github:sharkdp/fd"."platforms.linux-x64"]
checksum = "sha256:def59805cd14b5651b68990855f426ad087f3b96881296d963910431ba3143c8"
url = "https://github.com/sharkdp/fd/releases/download/v10.4.2/fd-v10.4.2-x86_64-unknown-linux-gnu.tar.gz"
url_api = "https://api.github.com/repos/sharkdp/fd/releases/assets/370662118"

[tools."github:sharkdp/fd"."platforms.linux-x64-musl"]
checksum = "sha256:e3257d48e29a6be965187dbd24ce9af564e0fe67b3e73c9bdcd180f4ec11bdde"
url = "https://github.com/sharkdp/fd/releases/download/v10.4.2/fd-v10.4.2-x86_64-unknown-linux-musl.tar.gz"
url_api = "https://api.github.com/repos/sharkdp/fd/releases/assets/370662855"

[tools."github:sharkdp/fd"."platforms.macos-arm64"]
checksum = "sha256:623dc0afc81b92e4d4606b380d7bc91916ba7b97814263e554d50923a39e480a"
url = "https://github.com/sharkdp/fd/releases/download/v10.4.2/fd-v10.4.2-aarch64-apple-darwin.tar.gz"
url_api = "https://api.github.com/repos/sharkdp/fd/releases/assets/370661116"

[tools."github:sharkdp/fd"."platforms.macos-x64"]
checksum = "sha256:0e44eb5fca93f09bc6f5430b90acdf44c8e069d0a903700aeb4820629337b67b"
url = "https://github.com/sharkdp/fd/releases/download/v10.4.2/fd_10.4.2_amd64.deb"
url_api = "https://api.github.com/repos/sharkdp/fd/releases/assets/370662117"

[tools."github:sharkdp/fd"."platforms.windows-x64"]
checksum = "sha256:b2816e506390a89941c63c9187d58a3cc10e9a55f2ef0685f9ea0eccaf7c98c8"
url = "https://github.com/sharkdp/fd/releases/download/v10.4.2/fd-v10.4.2-x86_64-pc-windows-msvc.zip"
url_api = "https://api.github.com/repos/sharkdp/fd/releases/assets/370661516"

[[tools.lua]]
version = "5.4.8"
backend = "asdf:lua"

[tools.lua."platforms.linux-arm64"]
url = "https://www.lua.org/ftp/lua-5.4.8.tar.gz"

[tools.lua."platforms.linux-arm64-musl"]
url = "https://www.lua.org/ftp/lua-5.4.8.tar.gz"

[tools.lua."platforms.linux-x64"]
url = "https://www.lua.org/ftp/lua-5.4.8.tar.gz"

[tools.lua."platforms.linux-x64-musl"]
url = "https://www.lua.org/ftp/lua-5.4.8.tar.gz"

[tools.lua."platforms.macos-arm64"]
url = "https://www.lua.org/ftp/lua-5.4.8.tar.gz"

[tools.lua."platforms.macos-x64"]
url = "https://www.lua.org/ftp/lua-5.4.8.tar.gz"

[tools.lua."platforms.windows-x64"]
url = "https://www.lua.org/ftp/lua-5.4.8.tar.gz"

[[tools.neovim]]
version = "0.12.4"
backend = "vfox:mise-plugins/vfox-neovim"

[tools.neovim."platforms.linux-arm64"]
url = "https://github.com/neovim/neovim/releases/download/v0.12.4/nvim-linux-arm64.tar.gz"

[tools.neovim."platforms.linux-arm64-musl"]
url = "https://github.com/neovim/neovim/releases/download/v0.12.4/nvim-linux-arm64.tar.gz"

[tools.neovim."platforms.linux-x64"]
url = "https://github.com/neovim/neovim/releases/download/v0.12.4/nvim-linux-x86_64.tar.gz"

[tools.neovim."platforms.linux-x64-musl"]
url = "https://github.com/neovim/neovim/releases/download/v0.12.4/nvim-linux-x86_64.tar.gz"

[tools.neovim."platforms.macos-arm64"]
url = "https://github.com/neovim/neovim/releases/download/v0.12.4/nvim-macos-arm64.tar.gz"

[tools.neovim."platforms.macos-x64"]
url = "https://github.com/neovim/neovim/releases/download/v0.12.4/nvim-macos-x86_64.tar.gz"

[tools.neovim."platforms.windows-x64"]
url = "https://github.com/neovim/neovim/releases/download/v0.12.4/nvim-win64.zip"

[[tools.tree-sitter]]
version = "0.26.10"
backend = "aqua:tree-sitter/tree-sitter"

[tools.tree-sitter."platforms.linux-arm64"]
checksum = "sha256:abc3c3fc18c8f9ffeee385f5c34a91443774a371e2bfe5b53344d9d5606705ed"
url = "https://github.com/tree-sitter/tree-sitter/releases/download/v0.26.10/tree-sitter-linux-arm64.gz"
url_api = "https://api.github.com/repos/tree-sitter/tree-sitter/releases/assets/460338870"
provenance = "github-attestations"

[tools.tree-sitter."platforms.linux-arm64-musl"]
checksum = "sha256:abc3c3fc18c8f9ffeee385f5c34a91443774a371e2bfe5b53344d9d5606705ed"
url = "https://github.com/tree-sitter/tree-sitter/releases/download/v0.26.10/tree-sitter-linux-arm64.gz"
url_api = "https://api.github.com/repos/tree-sitter/tree-sitter/releases/assets/460338870"
provenance = "github-attestations"

[tools.tree-sitter."platforms.linux-x64"]
checksum = "sha256:477ef03e7422f3579187859db7d5407ac345c854f9e2e6c4534d2305dac39a35"
url = "https://github.com/tree-sitter/tree-sitter/releases/download/v0.26.10/tree-sitter-linux-x64.gz"
url_api = "https://api.github.com/repos/tree-sitter/tree-sitter/releases/assets/460338869"
provenance = "github-attestations"

[tools.tree-sitter."platforms.linux-x64-musl"]
checksum = "sha256:477ef03e7422f3579187859db7d5407ac345c854f9e2e6c4534d2305dac39a35"
url = "https://github.com/tree-sitter/tree-sitter/releases/download/v0.26.10/tree-sitter-linux-x64.gz"
url_api = "https://api.github.com/repos/tree-sitter/tree-sitter/releases/assets/460338869"
provenance = "github-attestations"

[tools.tree-sitter."platforms.macos-arm64"]
checksum = "sha256:821a387182db59a1942a90a1fbd8f9756d9926e2c265f5c7b9a23c523114134a"
url = "https://github.com/tree-sitter/tree-sitter/releases/download/v0.26.10/tree-sitter-macos-arm64.gz"
url_api = "https://api.github.com/repos/tree-sitter/tree-sitter/releases/assets/460338877"
provenance = "github-attestations"

[tools.tree-sitter."platforms.macos-x64"]
checksum = "sha256:e58c90dc9c14a64b5d824b2bd9df99748fa149705361f51a8e37220be20e9210"
url = "https://github.com/tree-sitter/tree-sitter/releases/download/v0.26.10/tree-sitter-macos-x64.gz"
url_api = "https://api.github.com/repos/tree-sitter/tree-sitter/releases/assets/460338879"
provenance = "github-attestations"

[tools.tree-sitter."platforms.windows-x64"]
checksum = "sha256:6f59606dafabd8ac49c84c36ae4f0178e6aadd9232e5602c6fb0406d1b79129a"
url = "https://github.com/tree-sitter/tree-sitter/releases/download/v0.26.10/tree-sitter-windows-x64.gz"
url_api = "https://api.github.com/repos/tree-sitter/tree-sitter/releases/assets/460338881"
provenance = "github-attestations"
